// !$*UTF8*$!
{
	archiveVersion = 1;
	classes = {
	};
	objectVersion = 46;
	objects = {

/* Begin PBXBuildFile section */
		BD0E0FDA167F6E6C00BAF8A2 /* UIKit.framework in Frameworks */ = {isa = PBXBuildFile; fileRef = BD0E0FD9167F6E6C00BAF8A2 /* UIKit.framework */; };
		BD0E0FDC167F6E6C00BAF8A2 /* Foundation.framework in Frameworks */ = {isa = PBXBuildFile; fileRef = BD0E0FDB167F6E6C00BAF8A2 /* Foundation.framework */; };
		BD0E0FDE167F6E6C00BAF8A2 /* CoreGraphics.framework in Frameworks */ = {isa = PBXBuildFile; fileRef = BD0E0FDD167F6E6C00BAF8A2 /* CoreGraphics.framework */; };
		BD0E0FE4167F6E6C00BAF8A2 /* InfoPlist.strings in Resources */ = {isa = PBXBuildFile; fileRef = BD0E0FE2167F6E6C00BAF8A2 /* InfoPlist.strings */; };
		BD0E0FE6167F6E6C00BAF8A2 /* main.m in Sources */ = {isa = PBXBuildFile; fileRef = BD0E0FE5167F6E6C00BAF8A2 /* main.m */; };
		BD0E0FEA167F6E6C00BAF8A2 /* FFAppDelegate.m in Sources */ = {isa = PBXBuildFile; fileRef = BD0E0FE9167F6E6C00BAF8A2 /* FFAppDelegate.m */; };
		BD0E0FEC167F6E6C00BAF8A2 /* Default.png in Resources */ = {isa = PBXBuildFile; fileRef = BD0E0FEB167F6E6C00BAF8A2 /* Default.png */; };
		BD0E0FEE167F6E6C00BAF8A2 /* Default@2x.png in Resources */ = {isa = PBXBuildFile; fileRef = BD0E0FED167F6E6C00BAF8A2 /* Default@2x.png */; };
		BD0E0FF0167F6E6C00BAF8A2 /* Default-568h@2x.png in Resources */ = {isa = PBXBuildFile; fileRef = BD0E0FEF167F6E6C00BAF8A2 /* Default-568h@2x.png */; };
		BD0E0FF3167F6E6C00BAF8A2 /* MainStoryboard.storyboard in Resources */ = {isa = PBXBuildFile; fileRef = BD0E0FF1167F6E6C00BAF8A2 /* MainStoryboard.storyboard */; };
		BD0E0FFD167F709A00BAF8A2 /* CoreData.framework in Frameworks */ = {isa = PBXBuildFile; fileRef = BD0E0FFC167F709A00BAF8A2 /* CoreData.framework */; };
		BD31600C16810F9D00CF67D6 /* FFBooksFetchedResultsController.m in Sources */ = {isa = PBXBuildFile; fileRef = BD31600B16810F9D00CF67D6 /* FFBooksFetchedResultsController.m */; };
		BD316010168112BA00CF67D6 /* FFBooksFetchRequest.m in Sources */ = {isa = PBXBuildFile; fileRef = BD31600F168112BA00CF67D6 /* FFBooksFetchRequest.m */; };
		BD594B1A1681150400097D4D /* NSManagedObject+FFDataPersistence.m in Sources */ = {isa = PBXBuildFile; fileRef = BD594B191681150400097D4D /* NSManagedObject+FFDataPersistence.m */; };
		BD594B1E1681169F00097D4D /* FFBook+Extension.m in Sources */ = {isa = PBXBuildFile; fileRef = BD594B1D1681169F00097D4D /* FFBook+Extension.m */; };
		BDAC0B57167F779200C29A0A /* FFDataPersistence.m in Sources */ = {isa = PBXBuildFile; fileRef = BDAC0B52167F779200C29A0A /* FFDataPersistence.m */; };
		BDAC0B58167F779200C29A0A /* FFDataPersistence+Saving.m in Sources */ = {isa = PBXBuildFile; fileRef = BDAC0B54167F779200C29A0A /* FFDataPersistence+Saving.m */; };
		BDAC0B59167F779200C29A0A /* FFDataPersistence+Setup.m in Sources */ = {isa = PBXBuildFile; fileRef = BDAC0B56167F779200C29A0A /* FFDataPersistence+Setup.m */; };
		BDAC0B65167F7A3100C29A0A /* FFConfiguration.m in Sources */ = {isa = PBXBuildFile; fileRef = BDAC0B64167F7A3100C29A0A /* FFConfiguration.m */; };
		BDAC0B68167F7D6100C29A0A /* CoreDataExample.xcdatamodeld in Sources */ = {isa = PBXBuildFile; fileRef = BDAC0B66167F7D6100C29A0A /* CoreDataExample.xcdatamodeld */; };
		BDAC0B6C167F7DA700C29A0A /* FFBook.m in Sources */ = {isa = PBXBuildFile; fileRef = BDAC0B6B167F7DA700C29A0A /* FFBook.m */; };
		BDAC0B73167F801200C29A0A /* FFBooksViewController.m in Sources */ = {isa = PBXBuildFile; fileRef = BDAC0B72167F801200C29A0A /* FFBooksViewController.m */; };
		BDAC0B76167F847A00C29A0A /* FFBooksViewController+FetchedResults.m in Sources */ = {isa = PBXBuildFile; fileRef = BDAC0B75167F847A00C29A0A /* FFBooksViewController+FetchedResults.m */; };
		BDBB5AD81680D7E5002F4FF0 /* FFAddBookViewController.m in Sources */ = {isa = PBXBuildFile; fileRef = BDBB5AD71680D7E5002F4FF0 /* FFAddBookViewController.m */; };
/* End PBXBuildFile section */

/* Begin PBXFileReference section */
		BD0E0FD5167F6E6C00BAF8A2 /* CoreDataExample.app */ = {isa = PBXFileReference; explicitFileType = wrapper.application; includeInIndex = 0; path = CoreDataExample.app; sourceTree = BUILT_PRODUCTS_DIR; };
		BD0E0FD9167F6E6C00BAF8A2 /* UIKit.framework */ = {isa = PBXFileReference; lastKnownFileType = wrapper.framework; name = UIKit.framework; path = System/Library/Frameworks/UIKit.framework; sourceTree = SDKROOT; };
		BD0E0FDB167F6E6C00BAF8A2 /* Foundation.framework */ = {isa = PBXFileReference; lastKnownFileType = wrapper.framework; name = Foundation.framework; path = System/Library/Frameworks/Foundation.framework; sourceTree = SDKROOT; };
		BD0E0FDD167F6E6C00BAF8A2 /* CoreGraphics.framework */ = {isa = PBXFileReference; lastKnownFileType = wrapper.framework; name = CoreGraphics.framework; path = System/Library/Frameworks/CoreGraphics.framework; sourceTree = SDKROOT; };
		BD0E0FE1167F6E6C00BAF8A2 /* CoreDataExample-Info.plist */ = {isa = PBXFileReference; lastKnownFileType = text.plist.xml; path = "CoreDataExample-Info.plist"; sourceTree = "<group>"; };
		BD0E0FE3167F6E6C00BAF8A2 /* en */ = {isa = PBXFileReference; lastKnownFileType = text.plist.strings; name = en; path = en.lproj/InfoPlist.strings; sourceTree = "<group>"; };
		BD0E0FE5167F6E6C00BAF8A2 /* main.m */ = {isa = PBXFileReference; lastKnownFileType = sourcecode.c.objc; path = main.m; sourceTree = "<group>"; };
		BD0E0FE7167F6E6C00BAF8A2 /* CoreDataExample-Prefix.pch */ = {isa = PBXFileReference; lastKnownFileType = sourcecode.c.h; path = "CoreDataExample-Prefix.pch"; sourceTree = "<group>"; };
		BD0E0FE8167F6E6C00BAF8A2 /* FFAppDelegate.h */ = {isa = PBXFileReference; lastKnownFileType = sourcecode.c.h; path = FFAppDelegate.h; sourceTree = "<group>"; };
		BD0E0FE9167F6E6C00BAF8A2 /* FFAppDelegate.m */ = {isa = PBXFileReference; lastKnownFileType = sourcecode.c.objc; path = FFAppDelegate.m; sourceTree = "<group>"; };
		BD0E0FEB167F6E6C00BAF8A2 /* Default.png */ = {isa = PBXFileReference; lastKnownFileType = image.png; path = Default.png; sourceTree = "<group>"; };
		BD0E0FED167F6E6C00BAF8A2 /* Default@2x.png */ = {isa = PBXFileReference; lastKnownFileType = image.png; path = "Default@2x.png"; sourceTree = "<group>"; };
		BD0E0FEF167F6E6C00BAF8A2 /* Default-568h@2x.png */ = {isa = PBXFileReference; lastKnownFileType = image.png; path = "Default-568h@2x.png"; sourceTree = "<group>"; };
		BD0E0FF2167F6E6C00BAF8A2 /* en */ = {isa = PBXFileReference; lastKnownFileType = file.storyboard; name = en; path = en.lproj/MainStoryboard.storyboard; sourceTree = "<group>"; };
		BD0E0FFC167F709A00BAF8A2 /* CoreData.framework */ = {isa = PBXFileReference; lastKnownFileType = wrapper.framework; name = CoreData.framework; path = System/Library/Frameworks/CoreData.framework; sourceTree = SDKROOT; };
		BD31600A16810F9D00CF67D6 /* FFBooksFetchedResultsController.h */ = {isa = PBXFileReference; fileEncoding = 4; lastKnownFileType = sourcecode.c.h; path = FFBooksFetchedResultsController.h; sourceTree = "<group>"; };
		BD31600B16810F9D00CF67D6 /* FFBooksFetchedResultsController.m */ = {isa = PBXFileReference; fileEncoding = 4; lastKnownFileType = sourcecode.c.objc; path = FFBooksFetchedResultsController.m; sourceTree = "<group>"; };
		BD31600E168112B900CF67D6 /* FFBooksFetchRequest.h */ = {isa = PBXFileReference; fileEncoding = 4; lastKnownFileType = sourcecode.c.h; path = FFBooksFetchRequest.h; sourceTree = "<group>"; };
		BD31600F168112BA00CF67D6 /* FFBooksFetchRequest.m */ = {isa = PBXFileReference; fileEncoding = 4; lastKnownFileType = sourcecode.c.objc; path = FFBooksFetchRequest.m; sourceTree = "<group>"; };
		BD594B181681150400097D4D /* NSManagedObject+FFDataPersistence.h */ = {isa = PBXFileReference; fileEncoding = 4; lastKnownFileType = sourcecode.c.h; path = "NSManagedObject+FFDataPersistence.h"; sourceTree = "<group>"; };
		BD594B191681150400097D4D /* NSManagedObject+FFDataPersistence.m */ = {isa = PBXFileReference; fileEncoding = 4; lastKnownFileType = sourcecode.c.objc; path = "NSManagedObject+FFDataPersistence.m"; sourceTree = "<group>"; };
		BD594B1C1681169F00097D4D /* FFBook+Extension.h */ = {isa = PBXFileReference; fileEncoding = 4; lastKnownFileType = sourcecode.c.h; path = "FFBook+Extension.h"; sourceTree = "<group>"; };
		BD594B1D1681169F00097D4D /* FFBook+Extension.m */ = {isa = PBXFileReference; fileEncoding = 4; lastKnownFileType = sourcecode.c.objc; path = "FFBook+Extension.m"; sourceTree = "<group>"; };
		BDAC0B51167F779200C29A0A /* FFDataPersistence.h */ = {isa = PBXFileReference; fileEncoding = 4; lastKnownFileType = sourcecode.c.h; path = FFDataPersistence.h; sourceTree = "<group>"; };
		BDAC0B52167F779200C29A0A /* FFDataPersistence.m */ = {isa = PBXFileReference; fileEncoding = 4; lastKnownFileType = sourcecode.c.objc; path = FFDataPersistence.m; sourceTree = "<group>"; };
		BDAC0B53167F779200C29A0A /* FFDataPersistence+Saving.h */ = {isa = PBXFileReference; fileEncoding = 4; lastKnownFileType = sourcecode.c.h; path = "FFDataPersistence+Saving.h"; sourceTree = "<group>"; };
		BDAC0B54167F779200C29A0A /* FFDataPersistence+Saving.m */ = {isa = PBXFileReference; fileEncoding = 4; lastKnownFileType = sourcecode.c.objc; path = "FFDataPersistence+Saving.m"; sourceTree = "<group>"; };
		BDAC0B55167F779200C29A0A /* FFDataPersistence+Setup.h */ = {isa = PBXFileReference; fileEncoding = 4; lastKnownFileType = sourcecode.c.h; path = "FFDataPersistence+Setup.h"; sourceTree = "<group>"; };
		BDAC0B56167F779200C29A0A /* FFDataPersistence+Setup.m */ = {isa = PBXFileReference; fileEncoding = 4; lastKnownFileType = sourcecode.c.objc; path = "FFDataPersistence+Setup.m"; sourceTree = "<group>"; };
		BDAC0B63167F7A3100C29A0A /* FFConfiguration.h */ = {isa = PBXFileReference; fileEncoding = 4; lastKnownFileType = sourcecode.c.h; path = FFConfiguration.h; sourceTree = "<group>"; };
		BDAC0B64167F7A3100C29A0A /* FFConfiguration.m */ = {isa = PBXFileReference; fileEncoding = 4; lastKnownFileType = sourcecode.c.objc; path = FFConfiguration.m; sourceTree = "<group>"; };
		BDAC0B67167F7D6100C29A0A /* CoreDataExample.xcdatamodel */ = {isa = PBXFileReference; lastKnownFileType = wrapper.xcdatamodel; path = CoreDataExample.xcdatamodel; sourceTree = "<group>"; };
		BDAC0B6A167F7DA700C29A0A /* FFBook.h */ = {isa = PBXFileReference; fileEncoding = 4; lastKnownFileType = sourcecode.c.h; path = FFBook.h; sourceTree = "<group>"; };
		BDAC0B6B167F7DA700C29A0A /* FFBook.m */ = {isa = PBXFileReference; fileEncoding = 4; lastKnownFileType = sourcecode.c.objc; path = FFBook.m; sourceTree = "<group>"; };
		BDAC0B71167F801200C29A0A /* FFBooksViewController.h */ = {isa = PBXFileReference; fileEncoding = 4; lastKnownFileType = sourcecode.c.h; path = FFBooksViewController.h; sourceTree = "<group>"; };
		BDAC0B72167F801200C29A0A /* FFBooksViewController.m */ = {isa = PBXFileReference; fileEncoding = 4; lastKnownFileType = sourcecode.c.objc; path = FFBooksViewController.m; sourceTree = "<group>"; };
		BDAC0B74167F847A00C29A0A /* FFBooksViewController+FetchedResults.h */ = {isa = PBXFileReference; fileEncoding = 4; lastKnownFileType = sourcecode.c.h; path = "FFBooksViewController+FetchedResults.h"; sourceTree = "<group>"; };
		BDAC0B75167F847A00C29A0A /* FFBooksViewController+FetchedResults.m */ = {isa = PBXFileReference; fileEncoding = 4; lastKnownFileType = sourcecode.c.objc; path = "FFBooksViewController+FetchedResults.m"; sourceTree = "<group>"; };
		BDBB5AD61680D7E5002F4FF0 /* FFAddBookViewController.h */ = {isa = PBXFileReference; fileEncoding = 4; lastKnownFileType = sourcecode.c.h; path = FFAddBookViewController.h; sourceTree = "<group>"; };
		BDBB5AD71680D7E5002F4FF0 /* FFAddBookViewController.m */ = {isa = PBXFileReference; fileEncoding = 4; lastKnownFileType = sourcecode.c.objc; path = FFAddBookViewController.m; sourceTree = "<group>"; };
/* End PBXFileReference section */

/* Begin PBXFrameworksBuildPhase section */
		BD0E0FD2167F6E6C00BAF8A2 /* Frameworks */ = {
			isa = PBXFrameworksBuildPhase;
			buildActionMask = 2147483647;
			files = (
				BD0E0FFD167F709A00BAF8A2 /* CoreData.framework in Frameworks */,
				BD0E0FDA167F6E6C00BAF8A2 /* UIKit.framework in Frameworks */,
				BD0E0FDC167F6E6C00BAF8A2 /* Foundation.framework in Frameworks */,
				BD0E0FDE167F6E6C00BAF8A2 /* CoreGraphics.framework in Frameworks */,
			);
			runOnlyForDeploymentPostprocessing = 0;
		};
/* End PBXFrameworksBuildPhase section */

/* Begin PBXGroup section */
		BD0E0FCA167F6E6C00BAF8A2 = {
			isa = PBXGroup;
			children = (
				BD0E0FDF167F6E6C00BAF8A2 /* CoreDataExample */,
				BD0E0FD8167F6E6C00BAF8A2 /* Frameworks */,
				BD0E0FD6167F6E6C00BAF8A2 /* Products */,
			);
			sourceTree = "<group>";
		};
		BD0E0FD6167F6E6C00BAF8A2 /* Products */ = {
			isa = PBXGroup;
			children = (
				BD0E0FD5167F6E6C00BAF8A2 /* CoreDataExample.app */,
			);
			name = Products;
			sourceTree = "<group>";
		};
		BD0E0FD8167F6E6C00BAF8A2 /* Frameworks */ = {
			isa = PBXGroup;
			children = (
				BD0E0FFC167F709A00BAF8A2 /* CoreData.framework */,
				BD0E0FD9167F6E6C00BAF8A2 /* UIKit.framework */,
				BD0E0FDB167F6E6C00BAF8A2 /* Foundation.framework */,
				BD0E0FDD167F6E6C00BAF8A2 /* CoreGraphics.framework */,
			);
			name = Frameworks;
			sourceTree = "<group>";
		};
		BD0E0FDF167F6E6C00BAF8A2 /* CoreDataExample */ = {
			isa = PBXGroup;
			children = (
				BDAC0B6D167F7FC200C29A0A /* Books */,
				BDAC0B69167F7D9800C29A0A /* Model */,
				BDAC0B62167F7A0600C29A0A /* Configuration */,
				BD0E0FFE167F70AB00BAF8A2 /* Data Persistence */,
				BD0E0FE8167F6E6C00BAF8A2 /* FFAppDelegate.h */,
				BD0E0FE9167F6E6C00BAF8A2 /* FFAppDelegate.m */,
				BD0E0FF1167F6E6C00BAF8A2 /* MainStoryboard.storyboard */,
				BD0E0FE0167F6E6C00BAF8A2 /* Supporting Files */,
			);
			path = CoreDataExample;
			sourceTree = "<group>";
		};
		BD0E0FE0167F6E6C00BAF8A2 /* Supporting Files */ = {
			isa = PBXGroup;
			children = (
				BD0E0FE1167F6E6C00BAF8A2 /* CoreDataExample-Info.plist */,
				BD0E0FE2167F6E6C00BAF8A2 /* InfoPlist.strings */,
				BD0E0FE5167F6E6C00BAF8A2 /* main.m */,
				BD0E0FE7167F6E6C00BAF8A2 /* CoreDataExample-Prefix.pch */,
				BD0E0FEB167F6E6C00BAF8A2 /* Default.png */,
				BD0E0FED167F6E6C00BAF8A2 /* Default@2x.png */,
				BD0E0FEF167F6E6C00BAF8A2 /* Default-568h@2x.png */,
			);
			name = "Supporting Files";
			sourceTree = "<group>";
		};
		BD0E0FFE167F70AB00BAF8A2 /* Data Persistence */ = {
			isa = PBXGroup;
			children = (
				BDAC0B51167F779200C29A0A /* FFDataPersistence.h */,
				BDAC0B52167F779200C29A0A /* FFDataPersistence.m */,
				BDAC0B53167F779200C29A0A /* FFDataPersistence+Saving.h */,
				BDAC0B54167F779200C29A0A /* FFDataPersistence+Saving.m */,
				BDAC0B55167F779200C29A0A /* FFDataPersistence+Setup.h */,
				BDAC0B56167F779200C29A0A /* FFDataPersistence+Setup.m */,
				BD594B181681150400097D4D /* NSManagedObject+FFDataPersistence.h */,
				BD594B191681150400097D4D /* NSManagedObject+FFDataPersistence.m */,
			);
			name = "Data Persistence";
			path = ..;
			sourceTree = "<group>";
		};
		BD316011168112BF00CF67D6 /* Fetch Results Controller */ = {
			isa = PBXGroup;
			children = (
				BD31600A16810F9D00CF67D6 /* FFBooksFetchedResultsController.h */,
				BD31600B16810F9D00CF67D6 /* FFBooksFetchedResultsController.m */,
			);
			name = "Fetch Results Controller";
			sourceTree = "<group>";
		};
		BD316012168112D600CF67D6 /* Fetch Request */ = {
			isa = PBXGroup;
			children = (
				BD31600E168112B900CF67D6 /* FFBooksFetchRequest.h */,
				BD31600F168112BA00CF67D6 /* FFBooksFetchRequest.m */,
			);
			name = "Fetch Request";
			sourceTree = "<group>";
		};
		BD594B1B1681168300097D4D /* Extension */ = {
			isa = PBXGroup;
			children = (
				BD594B1C1681169F00097D4D /* FFBook+Extension.h */,
				BD594B1D1681169F00097D4D /* FFBook+Extension.m */,
			);
			name = Extension;
			sourceTree = "<group>";
		};
		BDAC0B62167F7A0600C29A0A /* Configuration */ = {
			isa = PBXGroup;
			children = (
				BDAC0B63167F7A3100C29A0A /* FFConfiguration.h */,
				BDAC0B64167F7A3100C29A0A /* FFConfiguration.m */,
			);
			name = Configuration;
			path = ..;
			sourceTree = "<group>";
		};
		BDAC0B69167F7D9800C29A0A /* Model */ = {
			isa = PBXGroup;
			children = (
				BDAC0B66167F7D6100C29A0A /* CoreDataExample.xcdatamodeld */,
				BDAC0B6A167F7DA700C29A0A /* FFBook.h */,
				BDAC0B6B167F7DA700C29A0A /* FFBook.m */,
				BD594B1B1681168300097D4D /* Extension */,
			);
			name = Model;
			path = ..;
			sourceTree = "<group>";
		};
		BDAC0B6D167F7FC200C29A0A /* Books */ = {
			isa = PBXGroup;
			children = (
				BDBB5AD91680D863002F4FF0 /* List */,
				BDBB5ADA1680D86C002F4FF0 /* Add */,
				BD316011168112BF00CF67D6 /* Fetch Results Controller */,
				BD316012168112D600CF67D6 /* Fetch Request */,
			);
			name = Books;
			path = ..;
			sourceTree = "<group>";
		};
		BDBB5AD91680D863002F4FF0 /* List */ = {
			isa = PBXGroup;
			children = (
				BDAC0B71167F801200C29A0A /* FFBooksViewController.h */,
				BDAC0B72167F801200C29A0A /* FFBooksViewController.m */,
				BDAC0B74167F847A00C29A0A /* FFBooksViewController+FetchedResults.h */,
				BDAC0B75167F847A00C29A0A /* FFBooksViewController+FetchedResults.m */,
			);
			name = List;
			sourceTree = "<group>";
		};
		BDBB5ADA1680D86C002F4FF0 /* Add */ = {
			isa = PBXGroup;
			children = (
				BDBB5AD61680D7E5002F4FF0 /* FFAddBookViewController.h */,
				BDBB5AD71680D7E5002F4FF0 /* FFAddBookViewController.m */,
			);
			name = Add;
			sourceTree = "<group>";
		};
/* End PBXGroup section */

/* Begin PBXNativeTarget section */
		BD0E0FD4167F6E6C00BAF8A2 /* CoreDataExample */ = {
			isa = PBXNativeTarget;
			buildConfigurationList = BD0E0FF9167F6E6C00BAF8A2 /* Build configuration list for PBXNativeTarget "CoreDataExample" */;
			buildPhases = (
				BD0E0FD1167F6E6C00BAF8A2 /* Sources */,
				BD0E0FD2167F6E6C00BAF8A2 /* Frameworks */,
				BD0E0FD3167F6E6C00BAF8A2 /* Resources */,
			);
			buildRules = (
			);
			dependencies = (
			);
			name = CoreDataExample;
			productName = CoreDataExample;
			productReference = BD0E0FD5167F6E6C00BAF8A2 /* CoreDataExample.app */;
			productType = "com.apple.product-type.application";
		};
/* End PBXNativeTarget section */

/* Begin PBXProject section */
		BD0E0FCC167F6E6C00BAF8A2 /* Project object */ = {
			isa = PBXProject;
			attributes = {
				CLASSPREFIX = FF;
				LastUpgradeCheck = 0450;
				ORGANIZATIONNAME = felixflor.es;
			};
			buildConfigurationList = BD0E0FCF167F6E6C00BAF8A2 /* Build configuration list for PBXProject "CoreDataExample" */;
			compatibilityVersion = "Xcode 3.2";
			developmentRegion = English;
			hasScannedForEncodings = 0;
			knownRegions = (
				en,
			);
			mainGroup = BD0E0FCA167F6E6C00BAF8A2;
			productRefGroup = BD0E0FD6167F6E6C00BAF8A2 /* Products */;
			projectDirPath = "";
			projectRoot = "";
			targets = (
				BD0E0FD4167F6E6C00BAF8A2 /* CoreDataExample */,
			);
		};
/* End PBXProject section */

/* Begin PBXResourcesBuildPhase section */
		BD0E0FD3167F6E6C00BAF8A2 /* Resources */ = {
			isa = PBXResourcesBuildPhase;
			buildActionMask = 2147483647;
			files = (
				BD0E0FE4167F6E6C00BAF8A2 /* InfoPlist.strings in Resources */,
				BD0E0FEC167F6E6C00BAF8A2 /* Default.png in Resources */,
				BD0E0FEE167F6E6C00BAF8A2 /* Default@2x.png in Resources */,
				BD0E0FF0167F6E6C00BAF8A2 /* Default-568h@2x.png in Resources */,
				BD0E0FF3167F6E6C00BAF8A2 /* MainStoryboard.storyboard in Resources */,
			);
			runOnlyForDeploymentPostprocessing = 0;
		};
/* End PBXResourcesBuildPhase section */

/* Begin PBXSourcesBuildPhase section */
		BD0E0FD1167F6E6C00BAF8A2 /* Sources */ = {
			isa = PBXSourcesBuildPhase;
			buildActionMask = 2147483647;
			files = (
				BD0E0FE6167F6E6C00BAF8A2 /* main.m in Sources */,
				BD0E0FEA167F6E6C00BAF8A2 /* FFAppDelegate.m in Sources */,
				BDAC0B57167F779200C29A0A /* FFDataPersistence.m in Sources */,
				BDAC0B58167F779200C29A0A /* FFDataPersistence+Saving.m in Sources */,
				BDAC0B59167F779200C29A0A /* FFDataPersistence+Setup.m in Sources */,
				BDAC0B65167F7A3100C29A0A /* FFConfiguration.m in Sources */,
				BDAC0B68167F7D6100C29A0A /* CoreDataExample.xcdatamodeld in Sources */,
				BDAC0B6C167F7DA700C29A0A /* FFBook.m in Sources */,
				BDAC0B73167F801200C29A0A /* FFBooksViewController.m in Sources */,
				BDAC0B76167F847A00C29A0A /* FFBooksViewController+FetchedResults.m in Sources */,
				BDBB5AD81680D7E5002F4FF0 /* FFAddBookViewController.m in Sources */,
				BD31600C16810F9D00CF67D6 /* FFBooksFetchedResultsController.m in Sources */,
				BD316010168112BA00CF67D6 /* FFBooksFetchRequest.m in Sources */,
				BD594B1A1681150400097D4D /* NSManagedObject+FFDataPersistence.m in Sources */,
				BD594B1E1681169F00097D4D /* FFBook+Extension.m in Sources */,
			);
			runOnlyForDeploymentPostprocessing = 0;
		};
/* End PBXSourcesBuildPhase section */

/* Begin PBXVariantGroup section */
		BD0E0FE2167F6E6C00BAF8A2 /* InfoPlist.strings */ = {
			isa = PBXVariantGroup;
			children = (
				BD0E0FE3167F6E6C00BAF8A2 /* en */,
			);
			name = InfoPlist.strings;
			sourceTree = "<group>";
		};
		BD0E0FF1167F6E6C00BAF8A2 /* MainStoryboard.storyboard */ = {
			isa = PBXVariantGroup;
			children = (
				BD0E0FF2167F6E6C00BAF8A2 /* en */,
			);
			name = MainStoryboard.storyboard;
			sourceTree = "<group>";
		};
/* End PBXVariantGroup section */

/* Begin XCBuildConfiguration section */
		BD0E0FF7167F6E6C00BAF8A2 /* Debug */ = {
			isa = XCBuildConfiguration;
			buildSettings = {
				ALWAYS_SEARCH_USER_PATHS = NO;
				CLANG_CXX_LANGUAGE_STANDARD = "gnu++0x";
				CLANG_CXX_LIBRARY = "libc++";
				CLANG_ENABLE_OBJC_ARC = YES;
				CLANG_WARN_EMPTY_BODY = YES;
				CLANG_WARN__DUPLICATE_METHOD_MATCH = YES;
				"CODE_SIGN_IDENTITY[sdk=iphoneos*]" = "iPhone Developer";
				COPY_PHASE_STRIP = NO;
				GCC_C_LANGUAGE_STANDARD = gnu99;
				GCC_DYNAMIC_NO_PIC = NO;
				GCC_OPTIMIZATION_LEVEL = 0;
				GCC_PREPROCESSOR_DEFINITIONS = (
					"DEBUG=1",
					"$(inherited)",
				);
				GCC_SYMBOLS_PRIVATE_EXTERN = NO;
				GCC_WARN_ABOUT_RETURN_TYPE = YES;
				GCC_WARN_UNINITIALIZED_AUTOS = YES;
				GCC_WARN_UNUSED_VARIABLE = YES;
				IPHONEOS_DEPLOYMENT_TARGET = 6.0;
				ONLY_ACTIVE_ARCH = YES;
				SDKROOT = iphoneos;
			};
			name = Debug;
		};
		BD0E0FF8167F6E6C00BAF8A2 /* Release */ = {
			isa = XCBuildConfiguration;
			buildSettings = {
				ALWAYS_SEARCH_USER_PATHS = NO;
				CLANG_CXX_LANGUAGE_STANDARD = "gnu++0x";
				CLANG_CXX_LIBRARY = "libc++";
				CLANG_ENABLE_OBJC_ARC = YES;
				CLANG_WARN_EMPTY_BODY = YES;
				CLANG_WARN__DUPLICATE_METHOD_MATCH = YES;
				"CODE_SIGN_IDENTITY[sdk=iphoneos*]" = "iPhone Developer";
				COPY_PHASE_STRIP = YES;
				GCC_C_LANGUAGE_STANDARD = gnu99;
				GCC_WARN_ABOUT_RETURN_TYPE = YES;
				GCC_WARN_UNINITIALIZED_AUTOS = YES;
				GCC_WARN_UNUSED_VARIABLE = YES;
				IPHONEOS_DEPLOYMENT_TARGET = 6.0;
				OTHER_CFLAGS = "-DNS_BLOCK_ASSERTIONS=1";
				SDKROOT = iphoneos;
				VALIDATE_PRODUCT = YES;
			};
			name = Release;
		};
		BD0E0FFA167F6E6C00BAF8A2 /* Debug */ = {
			isa = XCBuildConfiguration;
			buildSettings = {
				GCC_PRECOMPILE_PREFIX_HEADER = YES;
				GCC_PREFIX_HEADER = "CoreDataExample/CoreDataExample-Prefix.pch";
				INFOPLIST_FILE = "CoreDataExample/CoreDataExample-Info.plist";
				PRODUCT_NAME = "$(TARGET_NAME)";
				WRAPPER_EXTENSION = app;
			};
			name = Debug;
		};
		BD0E0FFB167F6E6C00BAF8A2 /* Release */ = {
			isa = XCBuildConfiguration;
			buildSettings = {
				GCC_PRECOMPILE_PREFIX_HEADER = YES;
				GCC_PREFIX_HEADER = "CoreDataExample/CoreDataExample-Prefix.pch";
				INFOPLIST_FILE = "CoreDataExample/CoreDataExample-Info.plist";
				PRODUCT_NAME = "$(TARGET_NAME)";
				WRAPPER_EXTENSION = app;
			};
			name = Release;
		};
/* End XCBuildConfiguration section */

/* Begin XCConfigurationList section */
		BD0E0FCF167F6E6C00BAF8A2 /* Build configuration list for PBXProject "CoreDataExample" */ = {
			isa = XCConfigurationList;
			buildConfigurations = (
				BD0E0FF7167F6E6C00BAF8A2 /* Debug */,
				BD0E0FF8167F6E6C00BAF8A2 /* Release */,
			);
			defaultConfigurationIsVisible = 0;
			defaultConfigurationName = Release;
		};
		BD0E0FF9167F6E6C00BAF8A2 /* Build configuration list for PBXNativeTarget "CoreDataExample" */ = {
			isa = XCConfigurationList;
			buildConfigurations = (
				BD0E0FFA167F6E6C00BAF8A2 /* Debug */,
				BD0E0FFB167F6E6C00BAF8A2 /* Release */,
			);
			defaultConfigurationIsVisible = 0;
			defaultConfigurationName = Release;
		};
/* End XCConfigurationList section */

/* Begin XCVersionGroup section */
		BDAC0B66167F7D6100C29A0A /* CoreDataExample.xcdatamodeld */ = {
			isa = XCVersionGroup;
			children = (
				BDAC0B67167F7D6100C29A0A /* CoreDataExample.xcdatamodel */,
			);
			currentVersion = BDAC0B67167F7D6100C29A0A /* CoreDataExample.xcdatamodel */;
			name = CoreDataExample.xcdatamodeld;
			path = CoreDataExample/CoreDataExample.xcdatamodeld;
			sourceTree = "<group>";
			versionGroupType = wrapper.xcdatamodel;
		};
/* End XCVersionGroup section */
	};
	rootObject = BD0E0FCC167F6E6C00BAF8A2 /* Project object */;
}
